// !$*UTF8*$!
{
	archiveVersion = 1;
	classes = {
	};
	objectVersion = 56;
	objects = {

/* Begin PBXBuildFile section */
		4EE2101129D7248E00F68B99 /* CulinaryChroniclesApp.swift in Sources */ = {isa = PBXBuildFile; fileRef = 4EE2101029D7248E00F68B99 /* CulinaryChroniclesApp.swift */; };
		4EE2101529D7248F00F68B99 /* Assets.xcassets in Resources */ = {isa = PBXBuildFile; fileRef = 4EE2101429D7248F00F68B99 /* Assets.xcassets */; };
		4EE2101829D7248F00F68B99 /* Preview Assets.xcassets in Resources */ = {isa = PBXBuildFile; fileRef = 4EE2101729D7248F00F68B99 /* Preview Assets.xcassets */; };
		4EE2102A29D79D5700F68B99 /* RecipeDetailView.swift in Sources */ = {isa = PBXBuildFile; fileRef = 4EE2102929D79D5700F68B99 /* RecipeDetailView.swift */; };
		4EE2102D29D79E5200F68B99 /* Kingfisher in Frameworks */ = {isa = PBXBuildFile; productRef = 4EE2102C29D79E5200F68B99 /* Kingfisher */; };
		4EE2103029D7A5F400F68B99 /* RecipeService.swift in Sources */ = {isa = PBXBuildFile; fileRef = 4EE2102F29D7A5F400F68B99 /* RecipeService.swift */; };
		4EE2103229D7AA3D00F68B99 /* RecipeFeedView.swift in Sources */ = {isa = PBXBuildFile; fileRef = 4EE2103129D7AA3D00F68B99 /* RecipeFeedView.swift */; };
		4EE2103529D7AADC00F68B99 /* RemoteImageView.swift in Sources */ = {isa = PBXBuildFile; fileRef = 4EE2103429D7AADC00F68B99 /* RemoteImageView.swift */; };
		4EE2103729D7AE6900F68B99 /* RecipeViewModel.swift in Sources */ = {isa = PBXBuildFile; fileRef = 4EE2103629D7AE6900F68B99 /* RecipeViewModel.swift */; };
		4EE2103C29DB040800F68B99 /* RecipeResponse.swift in Sources */ = {isa = PBXBuildFile; fileRef = 4EE2103B29DB040800F68B99 /* RecipeResponse.swift */; };
		4EE2103E29DB042700F68B99 /* Recipe.swift in Sources */ = {isa = PBXBuildFile; fileRef = 4EE2103D29DB042700F68B99 /* Recipe.swift */; };
		4EE2104029DB096400F68B99 /* RecipeCellView.swift in Sources */ = {isa = PBXBuildFile; fileRef = 4EE2103F29DB096400F68B99 /* RecipeCellView.swift */; };
		4EE2104329DB1FFF00F68B99 /* URLSessionHTTPClient.swift in Sources */ = {isa = PBXBuildFile; fileRef = 4EE2104229DB1FFF00F68B99 /* URLSessionHTTPClient.swift */; };
		4EE2104629DB203400F68B99 /* Data+Extensions.swift in Sources */ = {isa = PBXBuildFile; fileRef = 4EE2104529DB203400F68B99 /* Data+Extensions.swift */; };
		4EE2104929DB205900F68B99 /* Error.swift in Sources */ = {isa = PBXBuildFile; fileRef = 4EE2104829DB205900F68B99 /* Error.swift */; };
		4EE2104B29DB29EA00F68B99 /* URLPool.swift in Sources */ = {isa = PBXBuildFile; fileRef = 4EE2104A29DB29EA00F68B99 /* URLPool.swift */; };
		4EE2104D29DB29F700F68B99 /* URLRequestPool.swift in Sources */ = {isa = PBXBuildFile; fileRef = 4EE2104C29DB29F700F68B99 /* URLRequestPool.swift */; };
		4EE2104F29DB2A2300F68B99 /* URLRequest+Extensions.swift in Sources */ = {isa = PBXBuildFile; fileRef = 4EE2104E29DB2A2300F68B99 /* URLRequest+Extensions.swift */; };
		4EE2105429DB2EC900F68B99 /* AppEnvironment.swift in Sources */ = {isa = PBXBuildFile; fileRef = 4EE2105329DB2EC900F68B99 /* AppEnvironment.swift */; };
		4EE2105829DB89AF00F68B99 /* HTTPURLResponse+Extensions.swift in Sources */ = {isa = PBXBuildFile; fileRef = 4EE2105729DB89AF00F68B99 /* HTTPURLResponse+Extensions.swift */; };
		4EE2106C29DC51C500F68B99 /* RecipeViewModelTests.swift in Sources */ = {isa = PBXBuildFile; fileRef = 4EE2106B29DC51C500F68B99 /* RecipeViewModelTests.swift */; };
		4EE2107329DC543400F68B99 /* URLPoolTests.swift in Sources */ = {isa = PBXBuildFile; fileRef = 4EE2107229DC543400F68B99 /* URLPoolTests.swift */; };
		4EE2107529DC543F00F68B99 /* URLRequestPoolTests.swift in Sources */ = {isa = PBXBuildFile; fileRef = 4EE2107429DC543F00F68B99 /* URLRequestPoolTests.swift */; };
		4EE2107829DC564D00F68B99 /* XCTestCase+Extensions.swift in Sources */ = {isa = PBXBuildFile; fileRef = 4EE2107729DC564D00F68B99 /* XCTestCase+Extensions.swift */; };
		4EE2107B29DC577200F68B99 /* MockURLProtocol.swift in Sources */ = {isa = PBXBuildFile; fileRef = 4EE2107A29DC577200F68B99 /* MockURLProtocol.swift */; };
		4EE2107E29DC59C400F68B99 /* MockServer.swift in Sources */ = {isa = PBXBuildFile; fileRef = 4EE2107D29DC59C400F68B99 /* MockServer.swift */; };
		4EE2108129DC6F8200F68B99 /* URL+Extensions.swift in Sources */ = {isa = PBXBuildFile; fileRef = 4EE2108029DC6F8200F68B99 /* URL+Extensions.swift */; };
		4EE2108329DC8A6C00F68B99 /* URLSessionHTTPClientTests.swift in Sources */ = {isa = PBXBuildFile; fileRef = 4EE2108229DC8A6C00F68B99 /* URLSessionHTTPClientTests.swift */; };
		4EE2108529DCA1C400F68B99 /* HTTPClientSpy.swift in Sources */ = {isa = PBXBuildFile; fileRef = 4EE2108429DCA1C400F68B99 /* HTTPClientSpy.swift */; };
		4EE2108729DCA2AB00F68B99 /* RecipeServiceTests.swift in Sources */ = {isa = PBXBuildFile; fileRef = 4EE2108629DCA2AB00F68B99 /* RecipeServiceTests.swift */; };
		4EE2108C29DCA93E00F68B99 /* BadJSON.json in Resources */ = {isa = PBXBuildFile; fileRef = 4EE2108B29DCA93E00F68B99 /* BadJSON.json */; };
		4EE2108E29DCE23E00F68B99 /* Recipes.json in Resources */ = {isa = PBXBuildFile; fileRef = 4EE2108D29DCE23E00F68B99 /* Recipes.json */; };
		4EE2109029DCF86C00F68B99 /* MockRecipeService.swift in Sources */ = {isa = PBXBuildFile; fileRef = 4EE2108F29DCF86C00F68B99 /* MockRecipeService.swift */; };
		4EE2109429DCF9F600F68B99 /* Spacing.swift in Sources */ = {isa = PBXBuildFile; fileRef = 4EE2109329DCF9F500F68B99 /* Spacing.swift */; };
/* End PBXBuildFile section */

/* Begin PBXContainerItemProxy section */
		4EE2106329DC505500F68B99 /* PBXContainerItemProxy */ = {
			isa = PBXContainerItemProxy;
			containerPortal = 4EE2100529D7248E00F68B99 /* Project object */;
			proxyType = 1;
			remoteGlobalIDString = 4EE2100C29D7248E00F68B99;
			remoteInfo = CulinaryChronicles;
		};
/* End PBXContainerItemProxy section */

/* Begin PBXFileReference section */
		4EE2100D29D7248E00F68B99 /* CulinaryChronicles.app */ = {isa = PBXFileReference; explicitFileType = wrapper.application; includeInIndex = 0; path = CulinaryChronicles.app; sourceTree = BUILT_PRODUCTS_DIR; };
		4EE2101029D7248E00F68B99 /* CulinaryChroniclesApp.swift */ = {isa = PBXFileReference; lastKnownFileType = sourcecode.swift; path = CulinaryChroniclesApp.swift; sourceTree = "<group>"; };
		4EE2101429D7248F00F68B99 /* Assets.xcassets */ = {isa = PBXFileReference; lastKnownFileType = folder.assetcatalog; path = Assets.xcassets; sourceTree = "<group>"; };
		4EE2101729D7248F00F68B99 /* Preview Assets.xcassets */ = {isa = PBXFileReference; lastKnownFileType = folder.assetcatalog; path = "Preview Assets.xcassets"; sourceTree = "<group>"; };
		4EE2102929D79D5700F68B99 /* RecipeDetailView.swift */ = {isa = PBXFileReference; lastKnownFileType = sourcecode.swift; path = RecipeDetailView.swift; sourceTree = "<group>"; };
		4EE2102F29D7A5F400F68B99 /* RecipeService.swift */ = {isa = PBXFileReference; lastKnownFileType = sourcecode.swift; path = RecipeService.swift; sourceTree = "<group>"; };
		4EE2103129D7AA3D00F68B99 /* RecipeFeedView.swift */ = {isa = PBXFileReference; lastKnownFileType = sourcecode.swift; path = RecipeFeedView.swift; sourceTree = "<group>"; };
		4EE2103429D7AADC00F68B99 /* RemoteImageView.swift */ = {isa = PBXFileReference; lastKnownFileType = sourcecode.swift; path = RemoteImageView.swift; sourceTree = "<group>"; };
		4EE2103629D7AE6900F68B99 /* RecipeViewModel.swift */ = {isa = PBXFileReference; lastKnownFileType = sourcecode.swift; path = RecipeViewModel.swift; sourceTree = "<group>"; };
		4EE2103B29DB040800F68B99 /* RecipeResponse.swift */ = {isa = PBXFileReference; lastKnownFileType = sourcecode.swift; path = RecipeResponse.swift; sourceTree = "<group>"; };
		4EE2103D29DB042700F68B99 /* Recipe.swift */ = {isa = PBXFileReference; lastKnownFileType = sourcecode.swift; path = Recipe.swift; sourceTree = "<group>"; };
		4EE2103F29DB096400F68B99 /* RecipeCellView.swift */ = {isa = PBXFileReference; lastKnownFileType = sourcecode.swift; path = RecipeCellView.swift; sourceTree = "<group>"; };
		4EE2104229DB1FFF00F68B99 /* URLSessionHTTPClient.swift */ = {isa = PBXFileReference; lastKnownFileType = sourcecode.swift; path = URLSessionHTTPClient.swift; sourceTree = "<group>"; };
		4EE2104529DB203400F68B99 /* Data+Extensions.swift */ = {isa = PBXFileReference; lastKnownFileType = sourcecode.swift; path = "Data+Extensions.swift"; sourceTree = "<group>"; };
		4EE2104829DB205900F68B99 /* Error.swift */ = {isa = PBXFileReference; lastKnownFileType = sourcecode.swift; path = Error.swift; sourceTree = "<group>"; };
		4EE2104A29DB29EA00F68B99 /* URLPool.swift */ = {isa = PBXFileReference; lastKnownFileType = sourcecode.swift; path = URLPool.swift; sourceTree = "<group>"; };
		4EE2104C29DB29F700F68B99 /* URLRequestPool.swift */ = {isa = PBXFileReference; lastKnownFileType = sourcecode.swift; path = URLRequestPool.swift; sourceTree = "<group>"; };
		4EE2104E29DB2A2300F68B99 /* URLRequest+Extensions.swift */ = {isa = PBXFileReference; lastKnownFileType = sourcecode.swift; path = "URLRequest+Extensions.swift"; sourceTree = "<group>"; };
		4EE2105329DB2EC900F68B99 /* AppEnvironment.swift */ = {isa = PBXFileReference; lastKnownFileType = sourcecode.swift; path = AppEnvironment.swift; sourceTree = "<group>"; };
		4EE2105529DB2EEB00F68B99 /* Debug.xcconfig */ = {isa = PBXFileReference; lastKnownFileType = text.xcconfig; path = Debug.xcconfig; sourceTree = "<group>"; };
		4EE2105629DB2F7F00F68B99 /* Info.plist */ = {isa = PBXFileReference; lastKnownFileType = text.plist.xml; path = Info.plist; sourceTree = "<group>"; };
		4EE2105729DB89AF00F68B99 /* HTTPURLResponse+Extensions.swift */ = {isa = PBXFileReference; lastKnownFileType = sourcecode.swift; path = "HTTPURLResponse+Extensions.swift"; sourceTree = "<group>"; };
		4EE2105F29DC505500F68B99 /* CulinaryChroniclesTests.xctest */ = {isa = PBXFileReference; explicitFileType = wrapper.cfbundle; includeInIndex = 0; path = CulinaryChroniclesTests.xctest; sourceTree = BUILT_PRODUCTS_DIR; };
		4EE2106B29DC51C500F68B99 /* RecipeViewModelTests.swift */ = {isa = PBXFileReference; lastKnownFileType = sourcecode.swift; path = RecipeViewModelTests.swift; sourceTree = "<group>"; };
		4EE2107229DC543400F68B99 /* URLPoolTests.swift */ = {isa = PBXFileReference; lastKnownFileType = sourcecode.swift; path = URLPoolTests.swift; sourceTree = "<group>"; };
		4EE2107429DC543F00F68B99 /* URLRequestPoolTests.swift */ = {isa = PBXFileReference; lastKnownFileType = sourcecode.swift; path = URLRequestPoolTests.swift; sourceTree = "<group>"; };
		4EE2107729DC564D00F68B99 /* XCTestCase+Extensions.swift */ = {isa = PBXFileReference; lastKnownFileType = sourcecode.swift; path = "XCTestCase+Extensions.swift"; sourceTree = "<group>"; };
		4EE2107A29DC577200F68B99 /* MockURLProtocol.swift */ = {isa = PBXFileReference; lastKnownFileType = sourcecode.swift; path = MockURLProtocol.swift; sourceTree = "<group>"; };
		4EE2107D29DC59C400F68B99 /* MockServer.swift */ = {isa = PBXFileReference; lastKnownFileType = sourcecode.swift; path = MockServer.swift; sourceTree = "<group>"; };
		4EE2108029DC6F8200F68B99 /* URL+Extensions.swift */ = {isa = PBXFileReference; lastKnownFileType = sourcecode.swift; path = "URL+Extensions.swift"; sourceTree = "<group>"; };
		4EE2108229DC8A6C00F68B99 /* URLSessionHTTPClientTests.swift */ = {isa = PBXFileReference; lastKnownFileType = sourcecode.swift; path = URLSessionHTTPClientTests.swift; sourceTree = "<group>"; };
		4EE2108429DCA1C400F68B99 /* HTTPClientSpy.swift */ = {isa = PBXFileReference; lastKnownFileType = sourcecode.swift; path = HTTPClientSpy.swift; sourceTree = "<group>"; };
		4EE2108629DCA2AB00F68B99 /* RecipeServiceTests.swift */ = {isa = PBXFileReference; lastKnownFileType = sourcecode.swift; path = RecipeServiceTests.swift; sourceTree = "<group>"; };
		4EE2108B29DCA93E00F68B99 /* BadJSON.json */ = {isa = PBXFileReference; fileEncoding = 4; lastKnownFileType = text.json; path = BadJSON.json; sourceTree = "<group>"; };
		4EE2108D29DCE23E00F68B99 /* Recipes.json */ = {isa = PBXFileReference; fileEncoding = 4; lastKnownFileType = text.json; path = Recipes.json; sourceTree = "<group>"; };
		4EE2108F29DCF86C00F68B99 /* MockRecipeService.swift */ = {isa = PBXFileReference; lastKnownFileType = sourcecode.swift; path = MockRecipeService.swift; sourceTree = "<group>"; };
		4EE2109329DCF9F500F68B99 /* Spacing.swift */ = {isa = PBXFileReference; lastKnownFileType = sourcecode.swift; path = Spacing.swift; sourceTree = "<group>"; };
/* End PBXFileReference section */

/* Begin PBXFrameworksBuildPhase section */
		4EE2100A29D7248E00F68B99 /* Frameworks */ = {
			isa = PBXFrameworksBuildPhase;
			buildActionMask = 2147483647;
			files = (
				4EE2102D29D79E5200F68B99 /* Kingfisher in Frameworks */,
			);
			runOnlyForDeploymentPostprocessing = 0;
		};
		4EE2105C29DC505500F68B99 /* Frameworks */ = {
			isa = PBXFrameworksBuildPhase;
			buildActionMask = 2147483647;
			files = (
			);
			runOnlyForDeploymentPostprocessing = 0;
		};
/* End PBXFrameworksBuildPhase section */

/* Begin PBXGroup section */
		4EE2100429D7248E00F68B99 = {
			isa = PBXGroup;
			children = (
				4EE2100F29D7248E00F68B99 /* CulinaryChronicles */,
				4EE2106029DC505500F68B99 /* CulinaryChroniclesTests */,
				4EE2100E29D7248E00F68B99 /* Products */,
			);
			sourceTree = "<group>";
		};
		4EE2100E29D7248E00F68B99 /* Products */ = {
			isa = PBXGroup;
			children = (
				4EE2100D29D7248E00F68B99 /* CulinaryChronicles.app */,
				4EE2105F29DC505500F68B99 /* CulinaryChroniclesTests.xctest */,
			);
			name = Products;
			sourceTree = "<group>";
		};
		4EE2100F29D7248E00F68B99 /* CulinaryChronicles */ = {
			isa = PBXGroup;
			children = (
				4EE2101E29D72ADE00F68B99 /* Application */,
				4EE2101F29D72AEE00F68B99 /* Data */,
				4EE2109129DCF9C900F68B99 /* Design System */,
				4EE2102029D72B1300F68B99 /* Domain */,
				4EE2102129D72B1A00F68B99 /* Scenes */,
				4EE2102229D72B2500F68B99 /* Supporting Files */,
				4EE2102329D72B2E00F68B99 /* Utilities */,
			);
			path = CulinaryChronicles;
			sourceTree = "<group>";
		};
		4EE2101629D7248F00F68B99 /* Preview Content */ = {
			isa = PBXGroup;
			children = (
				4EE2101729D7248F00F68B99 /* Preview Assets.xcassets */,
			);
			path = "Preview Content";
			sourceTree = "<group>";
		};
		4EE2101E29D72ADE00F68B99 /* Application */ = {
			isa = PBXGroup;
			children = (
				4EE2101029D7248E00F68B99 /* CulinaryChroniclesApp.swift */,
			);
			path = Application;
			sourceTree = "<group>";
		};
		4EE2101F29D72AEE00F68B99 /* Data */ = {
			isa = PBXGroup;
			children = (
				4EE2104129DB1FEC00F68B99 /* Data Provider */,
				4EE2103A29DB03FA00F68B99 /* Response */,
				4EE2102E29D7A5DB00F68B99 /* Service */,
			);
			path = Data;
			sourceTree = "<group>";
		};
		4EE2102029D72B1300F68B99 /* Domain */ = {
			isa = PBXGroup;
			children = (
				4EE2103D29DB042700F68B99 /* Recipe.swift */,
			);
			path = Domain;
			sourceTree = "<group>";
		};
		4EE2102129D72B1A00F68B99 /* Scenes */ = {
			isa = PBXGroup;
			children = (
				4EE2102429D72B8400F68B99 /* Home */,
				4EE2102529D76BE400F68B99 /* Recipe Detail */,
			);
			path = Scenes;
			sourceTree = "<group>";
		};
		4EE2102229D72B2500F68B99 /* Supporting Files */ = {
			isa = PBXGroup;
			children = (
				4EE2101429D7248F00F68B99 /* Assets.xcassets */,
				4EE2105229DB2EA000F68B99 /* Configurations */,
				4EE2105629DB2F7F00F68B99 /* Info.plist */,
				4EE2101629D7248F00F68B99 /* Preview Content */,
			);
			path = "Supporting Files";
			sourceTree = "<group>";
		};
		4EE2102329D72B2E00F68B99 /* Utilities */ = {
			isa = PBXGroup;
			children = (
				4EE2104429DB202400F68B99 /* Extensions */,
				4EE2104729DB204700F68B99 /* Networking */,
			);
			path = Utilities;
			sourceTree = "<group>";
		};
		4EE2102429D72B8400F68B99 /* Home */ = {
			isa = PBXGroup;
			children = (
				4EE2102629D79D2E00F68B99 /* View Model */,
				4EE2102729D79D3600F68B99 /* View */,
			);
			path = Home;
			sourceTree = "<group>";
		};
		4EE2102529D76BE400F68B99 /* Recipe Detail */ = {
			isa = PBXGroup;
			children = (
				4EE2102829D79D4700F68B99 /* View */,
			);
			path = "Recipe Detail";
			sourceTree = "<group>";
		};
		4EE2102629D79D2E00F68B99 /* View Model */ = {
			isa = PBXGroup;
			children = (
				4EE2103629D7AE6900F68B99 /* RecipeViewModel.swift */,
			);
			path = "View Model";
			sourceTree = "<group>";
		};
		4EE2102729D79D3600F68B99 /* View */ = {
			isa = PBXGroup;
			children = (
				4EE2103129D7AA3D00F68B99 /* RecipeFeedView.swift */,
			);
			path = View;
			sourceTree = "<group>";
		};
		4EE2102829D79D4700F68B99 /* View */ = {
			isa = PBXGroup;
			children = (
				4EE2102929D79D5700F68B99 /* RecipeDetailView.swift */,
			);
			path = View;
			sourceTree = "<group>";
		};
		4EE2102E29D7A5DB00F68B99 /* Service */ = {
			isa = PBXGroup;
			children = (
				4EE2102F29D7A5F400F68B99 /* RecipeService.swift */,
			);
			path = Service;
			sourceTree = "<group>";
		};
		4EE2103A29DB03FA00F68B99 /* Response */ = {
			isa = PBXGroup;
			children = (
				4EE2103B29DB040800F68B99 /* RecipeResponse.swift */,
			);
			path = Response;
			sourceTree = "<group>";
		};
		4EE2104129DB1FEC00F68B99 /* Data Provider */ = {
			isa = PBXGroup;
			children = (
				4EE2104229DB1FFF00F68B99 /* URLSessionHTTPClient.swift */,
			);
			path = "Data Provider";
			sourceTree = "<group>";
		};
		4EE2104429DB202400F68B99 /* Extensions */ = {
			isa = PBXGroup;
			children = (
				4EE2104529DB203400F68B99 /* Data+Extensions.swift */,
				4EE2104E29DB2A2300F68B99 /* URLRequest+Extensions.swift */,
				4EE2105729DB89AF00F68B99 /* HTTPURLResponse+Extensions.swift */,
			);
			path = Extensions;
			sourceTree = "<group>";
		};
		4EE2104729DB204700F68B99 /* Networking */ = {
			isa = PBXGroup;
			children = (
				4EE2104829DB205900F68B99 /* Error.swift */,
				4EE2104A29DB29EA00F68B99 /* URLPool.swift */,
				4EE2104C29DB29F700F68B99 /* URLRequestPool.swift */,
			);
			path = Networking;
			sourceTree = "<group>";
		};
		4EE2105229DB2EA000F68B99 /* Configurations */ = {
			isa = PBXGroup;
			children = (
				4EE2105329DB2EC900F68B99 /* AppEnvironment.swift */,
				4EE2105529DB2EEB00F68B99 /* Debug.xcconfig */,
			);
			path = Configurations;
			sourceTree = "<group>";
		};
		4EE2106029DC505500F68B99 /* CulinaryChroniclesTests */ = {
			isa = PBXGroup;
			children = (
				4EE2106829DC519D00F68B99 /* Scenes */,
				4EE2107029DC540C00F68B99 /* Utilities */,
				4EE2107929DC575100F68B99 /* Stubs */,
			);
			path = CulinaryChroniclesTests;
			sourceTree = "<group>";
		};
		4EE2106829DC519D00F68B99 /* Scenes */ = {
			isa = PBXGroup;
			children = (
				4EE2106D29DC53D100F68B99 /* Data */,
				4EE2106929DC51A500F68B99 /* Home */,
			);
			path = Scenes;
			sourceTree = "<group>";
		};
		4EE2106929DC51A500F68B99 /* Home */ = {
			isa = PBXGroup;
			children = (
				4EE2106A29DC51AC00F68B99 /* View Model */,
			);
			path = Home;
			sourceTree = "<group>";
		};
		4EE2106A29DC51AC00F68B99 /* View Model */ = {
			isa = PBXGroup;
			children = (
				4EE2106B29DC51C500F68B99 /* RecipeViewModelTests.swift */,
			);
			path = "View Model";
			sourceTree = "<group>";
		};
		4EE2106D29DC53D100F68B99 /* Data */ = {
			isa = PBXGroup;
			children = (
				4EE2106E29DC53D800F68B99 /* Data Provider */,
				4EE2106F29DC53E000F68B99 /* Service */,
			);
			path = Data;
			sourceTree = "<group>";
		};
		4EE2106E29DC53D800F68B99 /* Data Provider */ = {
			isa = PBXGroup;
			children = (
				4EE2108229DC8A6C00F68B99 /* URLSessionHTTPClientTests.swift */,
			);
			path = "Data Provider";
			sourceTree = "<group>";
		};
		4EE2106F29DC53E000F68B99 /* Service */ = {
			isa = PBXGroup;
			children = (
				4EE2108629DCA2AB00F68B99 /* RecipeServiceTests.swift */,
			);
			path = Service;
			sourceTree = "<group>";
		};
		4EE2107029DC540C00F68B99 /* Utilities */ = {
			isa = PBXGroup;
			children = (
				4EE2107629DC563200F68B99 /* Extensions */,
				4EE2107129DC542500F68B99 /* Networking */,
			);
			path = Utilities;
			sourceTree = "<group>";
		};
		4EE2107129DC542500F68B99 /* Networking */ = {
			isa = PBXGroup;
			children = (
				4EE2107229DC543400F68B99 /* URLPoolTests.swift */,
				4EE2107429DC543F00F68B99 /* URLRequestPoolTests.swift */,
			);
			path = Networking;
			sourceTree = "<group>";
		};
		4EE2107629DC563200F68B99 /* Extensions */ = {
			isa = PBXGroup;
			children = (
				4EE2107729DC564D00F68B99 /* XCTestCase+Extensions.swift */,
				4EE2108029DC6F8200F68B99 /* URL+Extensions.swift */,
			);
			path = Extensions;
			sourceTree = "<group>";
		};
		4EE2107929DC575100F68B99 /* Stubs */ = {
			isa = PBXGroup;
			children = (
				4EE2107D29DC59C400F68B99 /* MockServer.swift */,
				4EE2107A29DC577200F68B99 /* MockURLProtocol.swift */,
				4EE2108429DCA1C400F68B99 /* HTTPClientSpy.swift */,
				4EE2108F29DCF86C00F68B99 /* MockRecipeService.swift */,
				4EE2107C29DC59A600F68B99 /* JSON */,
			);
			path = Stubs;
			sourceTree = "<group>";
		};
		4EE2107C29DC59A600F68B99 /* JSON */ = {
			isa = PBXGroup;
			children = (
				4EE2108D29DCE23E00F68B99 /* Recipes.json */,
				4EE2108B29DCA93E00F68B99 /* BadJSON.json */,
			);
			path = JSON;
			sourceTree = "<group>";
		};
		4EE2109129DCF9C900F68B99 /* Design System */ = {
			isa = PBXGroup;
			children = (
				4EE2109229DCF9D400F68B99 /* Components */,
				4EE2109329DCF9F500F68B99 /* Spacing.swift */,
			);
			path = "Design System";
			sourceTree = "<group>";
		};
		4EE2109229DCF9D400F68B99 /* Components */ = {
			isa = PBXGroup;
			children = (
				4EE2103429D7AADC00F68B99 /* RemoteImageView.swift */,
				4EE2103F29DB096400F68B99 /* RecipeCellView.swift */,
			);
			path = Components;
			sourceTree = "<group>";
		};
/* End PBXGroup section */

/* Begin PBXNativeTarget section */
		4EE2100C29D7248E00F68B99 /* CulinaryChronicles */ = {
			isa = PBXNativeTarget;
			buildConfigurationList = 4EE2101B29D7248F00F68B99 /* Build configuration list for PBXNativeTarget "CulinaryChronicles" */;
			buildPhases = (
				4EE2100929D7248E00F68B99 /* Sources */,
				4EE2100A29D7248E00F68B99 /* Frameworks */,
				4EE2100B29D7248E00F68B99 /* Resources */,
			);
			buildRules = (
			);
			dependencies = (
			);
			name = CulinaryChronicles;
			packageProductDependencies = (
				4EE2102C29D79E5200F68B99 /* Kingfisher */,
			);
			productName = CulinaryChronicles;
			productReference = 4EE2100D29D7248E00F68B99 /* CulinaryChronicles.app */;
			productType = "com.apple.product-type.application";
		};
		4EE2105E29DC505500F68B99 /* CulinaryChroniclesTests */ = {
			isa = PBXNativeTarget;
			buildConfigurationList = 4EE2106529DC505500F68B99 /* Build configuration list for PBXNativeTarget "CulinaryChroniclesTests" */;
			buildPhases = (
				4EE2105B29DC505500F68B99 /* Sources */,
				4EE2105C29DC505500F68B99 /* Frameworks */,
				4EE2105D29DC505500F68B99 /* Resources */,
			);
			buildRules = (
			);
			dependencies = (
				4EE2106429DC505500F68B99 /* PBXTargetDependency */,
			);
			name = CulinaryChroniclesTests;
			productName = CulinaryChroniclesTests;
			productReference = 4EE2105F29DC505500F68B99 /* CulinaryChroniclesTests.xctest */;
			productType = "com.apple.product-type.bundle.unit-test";
		};
/* End PBXNativeTarget section */

/* Begin PBXProject section */
		4EE2100529D7248E00F68B99 /* Project object */ = {
			isa = PBXProject;
			attributes = {
				BuildIndependentTargetsInParallel = 1;
				LastSwiftUpdateCheck = 1400;
				LastUpgradeCheck = 1400;
				TargetAttributes = {
					4EE2100C29D7248E00F68B99 = {
						CreatedOnToolsVersion = 14.0;
					};
					4EE2105E29DC505500F68B99 = {
						CreatedOnToolsVersion = 14.0;
						TestTargetID = 4EE2100C29D7248E00F68B99;
					};
				};
			};
			buildConfigurationList = 4EE2100829D7248E00F68B99 /* Build configuration list for PBXProject "CulinaryChronicles" */;
			compatibilityVersion = "Xcode 14.0";
			developmentRegion = en;
			hasScannedForEncodings = 0;
			knownRegions = (
				en,
				Base,
			);
			mainGroup = 4EE2100429D7248E00F68B99;
			packageReferences = (
				4EE2102B29D79E5200F68B99 /* XCRemoteSwiftPackageReference "Kingfisher" */,
			);
			productRefGroup = 4EE2100E29D7248E00F68B99 /* Products */;
			projectDirPath = "";
			projectRoot = "";
			targets = (
				4EE2100C29D7248E00F68B99 /* CulinaryChronicles */,
				4EE2105E29DC505500F68B99 /* CulinaryChroniclesTests */,
			);
		};
/* End PBXProject section */

/* Begin PBXResourcesBuildPhase section */
		4EE2100B29D7248E00F68B99 /* Resources */ = {
			isa = PBXResourcesBuildPhase;
			buildActionMask = 2147483647;
			files = (
				4EE2101829D7248F00F68B99 /* Preview Assets.xcassets in Resources */,
				4EE2101529D7248F00F68B99 /* Assets.xcassets in Resources */,
			);
			runOnlyForDeploymentPostprocessing = 0;
		};
		4EE2105D29DC505500F68B99 /* Resources */ = {
			isa = PBXResourcesBuildPhase;
			buildActionMask = 2147483647;
			files = (
				4EE2108C29DCA93E00F68B99 /* BadJSON.json in Resources */,
				4EE2108E29DCE23E00F68B99 /* Recipes.json in Resources */,
			);
			runOnlyForDeploymentPostprocessing = 0;
		};
/* End PBXResourcesBuildPhase section */

/* Begin PBXSourcesBuildPhase section */
		4EE2100929D7248E00F68B99 /* Sources */ = {
			isa = PBXSourcesBuildPhase;
			buildActionMask = 2147483647;
			files = (
				4EE2102A29D79D5700F68B99 /* RecipeDetailView.swift in Sources */,
				4EE2101129D7248E00F68B99 /* CulinaryChroniclesApp.swift in Sources */,
				4EE2104329DB1FFF00F68B99 /* URLSessionHTTPClient.swift in Sources */,
				4EE2103729D7AE6900F68B99 /* RecipeViewModel.swift in Sources */,
				4EE2104D29DB29F700F68B99 /* URLRequestPool.swift in Sources */,
				4EE2103529D7AADC00F68B99 /* RemoteImageView.swift in Sources */,
				4EE2104629DB203400F68B99 /* Data+Extensions.swift in Sources */,
				4EE2104029DB096400F68B99 /* RecipeCellView.swift in Sources */,
				4EE2104F29DB2A2300F68B99 /* URLRequest+Extensions.swift in Sources */,
				4EE2104B29DB29EA00F68B99 /* URLPool.swift in Sources */,
				4EE2103029D7A5F400F68B99 /* RecipeService.swift in Sources */,
				4EE2105429DB2EC900F68B99 /* AppEnvironment.swift in Sources */,
				4EE2103229D7AA3D00F68B99 /* RecipeFeedView.swift in Sources */,
				4EE2103C29DB040800F68B99 /* RecipeResponse.swift in Sources */,
				4EE2109429DCF9F600F68B99 /* Spacing.swift in Sources */,
				4EE2105829DB89AF00F68B99 /* HTTPURLResponse+Extensions.swift in Sources */,
				4EE2104929DB205900F68B99 /* Error.swift in Sources */,
				4EE2103E29DB042700F68B99 /* Recipe.swift in Sources */,
			);
			runOnlyForDeploymentPostprocessing = 0;
		};
		4EE2105B29DC505500F68B99 /* Sources */ = {
			isa = PBXSourcesBuildPhase;
			buildActionMask = 2147483647;
			files = (
				4EE2107829DC564D00F68B99 /* XCTestCase+Extensions.swift in Sources */,
				4EE2108529DCA1C400F68B99 /* HTTPClientSpy.swift in Sources */,
				4EE2108129DC6F8200F68B99 /* URL+Extensions.swift in Sources */,
				4EE2108329DC8A6C00F68B99 /* URLSessionHTTPClientTests.swift in Sources */,
				4EE2106C29DC51C500F68B99 /* RecipeViewModelTests.swift in Sources */,
				4EE2107B29DC577200F68B99 /* MockURLProtocol.swift in Sources */,
				4EE2107329DC543400F68B99 /* URLPoolTests.swift in Sources */,
				4EE2109029DCF86C00F68B99 /* MockRecipeService.swift in Sources */,
				4EE2108729DCA2AB00F68B99 /* RecipeServiceTests.swift in Sources */,
				4EE2107E29DC59C400F68B99 /* MockServer.swift in Sources */,
				4EE2107529DC543F00F68B99 /* URLRequestPoolTests.swift in Sources */,
			);
			runOnlyForDeploymentPostprocessing = 0;
		};
/* End PBXSourcesBuildPhase section */

/* Begin PBXTargetDependency section */
		4EE2106429DC505500F68B99 /* PBXTargetDependency */ = {
			isa = PBXTargetDependency;
			target = 4EE2100C29D7248E00F68B99 /* CulinaryChronicles */;
			targetProxy = 4EE2106329DC505500F68B99 /* PBXContainerItemProxy */;
		};
/* End PBXTargetDependency section */

/* Begin XCBuildConfiguration section */
		4EE2101929D7248F00F68B99 /* Debug */ = {
			isa = XCBuildConfiguration;
			buildSettings = {
				ALWAYS_SEARCH_USER_PATHS = NO;
				CLANG_ANALYZER_NONNULL = YES;
				CLANG_ANALYZER_NUMBER_OBJECT_CONVERSION = YES_AGGRESSIVE;
				CLANG_CXX_LANGUAGE_STANDARD = "gnu++20";
				CLANG_ENABLE_MODULES = YES;
				CLANG_ENABLE_OBJC_ARC = YES;
				CLANG_ENABLE_OBJC_WEAK = YES;
				CLANG_WARN_BLOCK_CAPTURE_AUTORELEASING = YES;
				CLANG_WARN_BOOL_CONVERSION = YES;
				CLANG_WARN_COMMA = YES;
				CLANG_WARN_CONSTANT_CONVERSION = YES;
				CLANG_WARN_DEPRECATED_OBJC_IMPLEMENTATIONS = YES;
				CLANG_WARN_DIRECT_OBJC_ISA_USAGE = YES_ERROR;
				CLANG_WARN_DOCUMENTATION_COMMENTS = YES;
				CLANG_WARN_EMPTY_BODY = YES;
				CLANG_WARN_ENUM_CONVERSION = YES;
				CLANG_WARN_INFINITE_RECURSION = YES;
				CLANG_WARN_INT_CONVERSION = YES;
				CLANG_WARN_NON_LITERAL_NULL_CONVERSION = YES;
				CLANG_WARN_OBJC_IMPLICIT_RETAIN_SELF = YES;
				CLANG_WARN_OBJC_LITERAL_CONVERSION = YES;
				CLANG_WARN_OBJC_ROOT_CLASS = YES_ERROR;
				CLANG_WARN_QUOTED_INCLUDE_IN_FRAMEWORK_HEADER = YES;
				CLANG_WARN_RANGE_LOOP_ANALYSIS = YES;
				CLANG_WARN_STRICT_PROTOTYPES = YES;
				CLANG_WARN_SUSPICIOUS_MOVE = YES;
				CLANG_WARN_UNGUARDED_AVAILABILITY = YES_AGGRESSIVE;
				CLANG_WARN_UNREACHABLE_CODE = YES;
				CLANG_WARN__DUPLICATE_METHOD_MATCH = YES;
				COPY_PHASE_STRIP = NO;
				DEBUG_INFORMATION_FORMAT = dwarf;
				ENABLE_STRICT_OBJC_MSGSEND = YES;
				ENABLE_TESTABILITY = YES;
				GCC_C_LANGUAGE_STANDARD = gnu11;
				GCC_DYNAMIC_NO_PIC = NO;
				GCC_NO_COMMON_BLOCKS = YES;
				GCC_OPTIMIZATION_LEVEL = 0;
				GCC_PREPROCESSOR_DEFINITIONS = (
					"DEBUG=1",
					"$(inherited)",
				);
				GCC_WARN_64_TO_32_BIT_CONVERSION = YES;
				GCC_WARN_ABOUT_RETURN_TYPE = YES_ERROR;
				GCC_WARN_UNDECLARED_SELECTOR = YES;
				GCC_WARN_UNINITIALIZED_AUTOS = YES_AGGRESSIVE;
				GCC_WARN_UNUSED_FUNCTION = YES;
				GCC_WARN_UNUSED_VARIABLE = YES;
				IPHONEOS_DEPLOYMENT_TARGET = 16.0;
				MTL_ENABLE_DEBUG_INFO = INCLUDE_SOURCE;
				MTL_FAST_MATH = YES;
				ONLY_ACTIVE_ARCH = YES;
				SDKROOT = iphoneos;
				SWIFT_ACTIVE_COMPILATION_CONDITIONS = DEBUG;
				SWIFT_OPTIMIZATION_LEVEL = "-Onone";
			};
			name = Debug;
		};
		4EE2101A29D7248F00F68B99 /* Release */ = {
			isa = XCBuildConfiguration;
			buildSettings = {
				ALWAYS_SEARCH_USER_PATHS = NO;
				CLANG_ANALYZER_NONNULL = YES;
				CLANG_ANALYZER_NUMBER_OBJECT_CONVERSION = YES_AGGRESSIVE;
				CLANG_CXX_LANGUAGE_STANDARD = "gnu++20";
				CLANG_ENABLE_MODULES = YES;
				CLANG_ENABLE_OBJC_ARC = YES;
				CLANG_ENABLE_OBJC_WEAK = YES;
				CLANG_WARN_BLOCK_CAPTURE_AUTORELEASING = YES;
				CLANG_WARN_BOOL_CONVERSION = YES;
				CLANG_WARN_COMMA = YES;
				CLANG_WARN_CONSTANT_CONVERSION = YES;
				CLANG_WARN_DEPRECATED_OBJC_IMPLEMENTATIONS = YES;
				CLANG_WARN_DIRECT_OBJC_ISA_USAGE = YES_ERROR;
				CLANG_WARN_DOCUMENTATION_COMMENTS = YES;
				CLANG_WARN_EMPTY_BODY = YES;
				CLANG_WARN_ENUM_CONVERSION = YES;
				CLANG_WARN_INFINITE_RECURSION = YES;
				CLANG_WARN_INT_CONVERSION = YES;
				CLANG_WARN_NON_LITERAL_NULL_CONVERSION = YES;
				CLANG_WARN_OBJC_IMPLICIT_RETAIN_SELF = YES;
				CLANG_WARN_OBJC_LITERAL_CONVERSION = YES;
				CLANG_WARN_OBJC_ROOT_CLASS = YES_ERROR;
				CLANG_WARN_QUOTED_INCLUDE_IN_FRAMEWORK_HEADER = YES;
				CLANG_WARN_RANGE_LOOP_ANALYSIS = YES;
				CLANG_WARN_STRICT_PROTOTYPES = YES;
				CLANG_WARN_SUSPICIOUS_MOVE = YES;
				CLANG_WARN_UNGUARDED_AVAILABILITY = YES_AGGRESSIVE;
				CLANG_WARN_UNREACHABLE_CODE = YES;
				CLANG_WARN__DUPLICATE_METHOD_MATCH = YES;
				COPY_PHASE_STRIP = NO;
				DEBUG_INFORMATION_FORMAT = "dwarf-with-dsym";
				ENABLE_NS_ASSERTIONS = NO;
				ENABLE_STRICT_OBJC_MSGSEND = YES;
				GCC_C_LANGUAGE_STANDARD = gnu11;
				GCC_NO_COMMON_BLOCKS = YES;
				GCC_WARN_64_TO_32_BIT_CONVERSION = YES;
				GCC_WARN_ABOUT_RETURN_TYPE = YES_ERROR;
				GCC_WARN_UNDECLARED_SELECTOR = YES;
				GCC_WARN_UNINITIALIZED_AUTOS = YES_AGGRESSIVE;
				GCC_WARN_UNUSED_FUNCTION = YES;
				GCC_WARN_UNUSED_VARIABLE = YES;
				IPHONEOS_DEPLOYMENT_TARGET = 16.0;
				MTL_ENABLE_DEBUG_INFO = NO;
				MTL_FAST_MATH = YES;
				SDKROOT = iphoneos;
				SWIFT_COMPILATION_MODE = wholemodule;
				SWIFT_OPTIMIZATION_LEVEL = "-O";
				VALIDATE_PRODUCT = YES;
			};
			name = Release;
		};
		4EE2101C29D7248F00F68B99 /* Debug */ = {
			isa = XCBuildConfiguration;
			baseConfigurationReference = 4EE2105529DB2EEB00F68B99 /* Debug.xcconfig */;
			buildSettings = {
				ASSETCATALOG_COMPILER_APPICON_NAME = AppIcon;
				ASSETCATALOG_COMPILER_GLOBAL_ACCENT_COLOR_NAME = AccentColor;
				CODE_SIGN_STYLE = Automatic;
				CURRENT_PROJECT_VERSION = 1;
				DEVELOPMENT_ASSET_PATHS = "\"CulinaryChronicles/Supporting Files/Preview Content\"";
				DEVELOPMENT_TEAM = D8T996G46R;
				ENABLE_PREVIEWS = YES;
				GENERATE_INFOPLIST_FILE = YES;
				INFOPLIST_FILE = "CulinaryChronicles/Supporting Files/Info.plist";
				INFOPLIST_KEY_UIApplicationSceneManifest_Generation = YES;
				INFOPLIST_KEY_UIApplicationSupportsIndirectInputEvents = YES;
				INFOPLIST_KEY_UILaunchScreen_Generation = YES;
				INFOPLIST_KEY_UISupportedInterfaceOrientations_iPad = "UIInterfaceOrientationPortrait UIInterfaceOrientationPortraitUpsideDown UIInterfaceOrientationLandscapeLeft UIInterfaceOrientationLandscapeRight";
				INFOPLIST_KEY_UISupportedInterfaceOrientations_iPhone = "UIInterfaceOrientationPortrait UIInterfaceOrientationLandscapeLeft UIInterfaceOrientationLandscapeRight";
				LD_RUNPATH_SEARCH_PATHS = (
					"$(inherited)",
					"@executable_path/Frameworks",
				);
				MARKETING_VERSION = 1.0;
				PRODUCT_BUNDLE_IDENTIFIER = dev.moahmad.CulinaryChronicles;
				PRODUCT_NAME = "$(TARGET_NAME)";
				SWIFT_EMIT_LOC_STRINGS = YES;
				SWIFT_VERSION = 5.0;
				TARGETED_DEVICE_FAMILY = "1,2";
			};
			name = Debug;
		};
		4EE2101D29D7248F00F68B99 /* Release */ = {
			isa = XCBuildConfiguration;
			baseConfigurationReference = 4EE2105529DB2EEB00F68B99 /* Debug.xcconfig */;
			buildSettings = {
				ASSETCATALOG_COMPILER_APPICON_NAME = AppIcon;
				ASSETCATALOG_COMPILER_GLOBAL_ACCENT_COLOR_NAME = AccentColor;
				CODE_SIGN_STYLE = Automatic;
				CURRENT_PROJECT_VERSION = 1;
				DEVELOPMENT_ASSET_PATHS = "\"CulinaryChronicles/Supporting Files/Preview Content\"";
				DEVELOPMENT_TEAM = D8T996G46R;
				ENABLE_PREVIEWS = YES;
				GENERATE_INFOPLIST_FILE = YES;
				INFOPLIST_FILE = "CulinaryChronicles/Supporting Files/Info.plist";
				INFOPLIST_KEY_UIApplicationSceneManifest_Generation = YES;
				INFOPLIST_KEY_UIApplicationSupportsIndirectInputEvents = YES;
				INFOPLIST_KEY_UILaunchScreen_Generation = YES;
				INFOPLIST_KEY_UISupportedInterfaceOrientations_iPad = "UIInterfaceOrientationPortrait UIInterfaceOrientationPortraitUpsideDown UIInterfaceOrientationLandscapeLeft UIInterfaceOrientationLandscapeRight";
				INFOPLIST_KEY_UISupportedInterfaceOrientations_iPhone = "UIInterfaceOrientationPortrait UIInterfaceOrientationLandscapeLeft UIInterfaceOrientationLandscapeRight";
				LD_RUNPATH_SEARCH_PATHS = (
					"$(inherited)",
					"@executable_path/Frameworks",
				);
				MARKETING_VERSION = 1.0;
				PRODUCT_BUNDLE_IDENTIFIER = dev.moahmad.CulinaryChronicles;
				PRODUCT_NAME = "$(TARGET_NAME)";
				SWIFT_EMIT_LOC_STRINGS = YES;
				SWIFT_VERSION = 5.0;
				TARGETED_DEVICE_FAMILY = "1,2";
			};
			name = Release;
		};
		4EE2106629DC505500F68B99 /* Debug */ = {
			isa = XCBuildConfiguration;
			buildSettings = {
				BUNDLE_LOADER = "$(TEST_HOST)";
				CODE_SIGN_STYLE = Automatic;
				CURRENT_PROJECT_VERSION = 1;
				DEVELOPMENT_TEAM = D8T996G46R;
				GENERATE_INFOPLIST_FILE = YES;
				MARKETING_VERSION = 1.0;
				PRODUCT_BUNDLE_IDENTIFIER = dev.moahmad.CulinaryChroniclesTests;
				PRODUCT_NAME = "$(TARGET_NAME)";
				SWIFT_EMIT_LOC_STRINGS = NO;
				SWIFT_VERSION = 5.0;
				TARGETED_DEVICE_FAMILY = "1,2";
				TEST_HOST = "$(BUILT_PRODUCTS_DIR)/CulinaryChronicles.app/$(BUNDLE_EXECUTABLE_FOLDER_PATH)/CulinaryChronicles";
			};
			name = Debug;
		};
		4EE2106729DC505500F68B99 /* Release */ = {
			isa = XCBuildConfiguration;
			buildSettings = {
				BUNDLE_LOADER = "$(TEST_HOST)";
				CODE_SIGN_STYLE = Automatic;
				CURRENT_PROJECT_VERSION = 1;
				DEVELOPMENT_TEAM = D8T996G46R;
				GENERATE_INFOPLIST_FILE = YES;
				MARKETING_VERSION = 1.0;
				PRODUCT_BUNDLE_IDENTIFIER = dev.moahmad.CulinaryChroniclesTests;
				PRODUCT_NAME = "$(TARGET_NAME)";
				SWIFT_EMIT_LOC_STRINGS = NO;
				SWIFT_VERSION = 5.0;
				TARGETED_DEVICE_FAMILY = "1,2";
				TEST_HOST = "$(BUILT_PRODUCTS_DIR)/CulinaryChronicles.app/$(BUNDLE_EXECUTABLE_FOLDER_PATH)/CulinaryChronicles";
			};
			name = Release;
		};
/* End XCBuildConfiguration section */

/* Begin XCConfigurationList section */
		4EE2100829D7248E00F68B99 /* Build configuration list for PBXProject "CulinaryChronicles" */ = {
			isa = XCConfigurationList;
			buildConfigurations = (
				4EE2101929D7248F00F68B99 /* Debug */,
				4EE2101A29D7248F00F68B99 /* Release */,
			);
			defaultConfigurationIsVisible = 0;
			defaultConfigurationName = Release;
		};
		4EE2101B29D7248F00F68B99 /* Build configuration list for PBXNativeTarget "CulinaryChronicles" */ = {
			isa = XCConfigurationList;
			buildConfigurations = (
				4EE2101C29D7248F00F68B99 /* Debug */,
				4EE2101D29D7248F00F68B99 /* Release */,
			);
			defaultConfigurationIsVisible = 0;
			defaultConfigurationName = Release;
		};
		4EE2106529DC505500F68B99 /* Build configuration list for PBXNativeTarget "CulinaryChroniclesTests" */ = {
			isa = XCConfigurationList;
			buildConfigurations = (
				4EE2106629DC505500F68B99 /* Debug */,
				4EE2106729DC505500F68B99 /* Release */,
			);
			defaultConfigurationIsVisible = 0;
			defaultConfigurationName = Release;
		};
/* End XCConfigurationList section */

/* Begin XCRemoteSwiftPackageReference section */
		4EE2102B29D79E5200F68B99 /* XCRemoteSwiftPackageReference "Kingfisher" */ = {
			isa = XCRemoteSwiftPackageReference;
			repositoryURL = "https://github.com/onevcat/Kingfisher";
			requirement = {
				kind = exactVersion;
				version = 7.6.2;
			};
		};
/* End XCRemoteSwiftPackageReference section */

/* Begin XCSwiftPackageProductDependency section */
		4EE2102C29D79E5200F68B99 /* Kingfisher */ = {
			isa = XCSwiftPackageProductDependency;
			package = 4EE2102B29D79E5200F68B99 /* XCRemoteSwiftPackageReference "Kingfisher" */;
			productName = Kingfisher;
		};
/* End XCSwiftPackageProductDependency section */
	};
	rootObject = 4EE2100529D7248E00F68B99 /* Project object */;
}
